{
  "name": "androidreact1",
  "version": "1.0.0",
  "lockfileVersion": 1,
  "requires": true,
  "dependencies": {
    "react": {
      "version": "16.0.0-alpha.12",
      "resolved": "http://registry.npm.taobao.org/react/download/react-16.0.0-alpha.12.tgz",
      "integrity": "sha1-jFlIUoFIXfMZtvd2gtjdBiHAgZQ="
    },
    "react-native": {
      "version": "0.46.4",
      "resolved": "http://registry.npm.taobao.org/react-native/download/react-native-0.46.4.tgz",
      "integrity": "sha1-KBu8wWXlw2tMjqqGjmdoVD6BG8s=",
      "dependencies": {
        "core-js": {
          "version": "2.4.1",
          "resolved": "http://registry.npm.taobao.org/core-js/download/core-js-2.4.1.tgz",
          "integrity": "sha1-TekR5mew6ukSTjQlS1OupvxhjT4="
        },
        "whatwg-fetch": {
          "version": "1.1.1",
          "resolved": "http://registry.npm.taobao.org/whatwg-fetch/download/whatwg-fetch-1.1.1.tgz",
          "integrity": "sha1-rDydOfMgxtzlM5lp0FTvQ90zMxk="
        }
      }
    }
  }
}
